{
    "_meta": {
        "hash": {
            "sha256": "3ae5e086aad4cf521653ab7f1f8307c7fb7edc6b8c20da20470a8729a26d4458"
        },
        "host-environment-markers": {
            "implementation_name": "cpython",
            "implementation_version": "3.6.4",
            "os_name": "posix",
            "platform_machine": "x86_64",
            "platform_python_implementation": "CPython",
            "platform_release": "17.4.0",
            "platform_system": "Darwin",
            "platform_version": "Darwin Kernel Version 17.4.0: Sun Dec 17 09:19:54 PST 2017; root:xnu-4570.41.2~1/RELEASE_X86_64",
            "python_full_version": "3.6.4",
            "python_version": "3.6",
            "sys_platform": "darwin"
        },
        "pipfile-spec": 6,
        "requires": {},
        "sources": [
            {
                "name": "pypi",
                "url": "https://pypi.python.org/simple",
                "verify_ssl": true
            }
        ]
    },
    "default": {
        "testfarhan": {
            "hashes": [
                "sha256:bd7008c7b12c39d2fb65c564447f791fededb12c74491a9a5b44ef1f267a09e5"
            ],
            "version": "==0.6"
        }
    },
    "develop": {}
}
