{
    "_meta": {
        "hash": {
            "sha256": "2a033852a3ced1f2434336a05e669e7f0060a5910c77b3c0510e22082dcc72c5"
        },
        "host-environment-markers": {
            "implementation_name": "cpython",
            "implementation_version": "3.6.4",
            "os_name": "posix",
            "platform_machine": "x86_64",
            "platform_python_implementation": "CPython",
            "platform_release": "17.4.0",
            "platform_system": "Darwin",
            "platform_version": "Darwin Kernel Version 17.4.0: Sun Dec 17 09:19:54 PST 2017; root:xnu-4570.41.2~1/RELEASE_X86_64",
            "python_full_version": "3.6.4",
            "python_version": "3.6",
            "sys_platform": "darwin"
        },
        "pipfile-spec": 6,
        "requires": {
            "python_version": "3.6"
        },
        "sources": [
            {
                "name": "pypi",
                "url": "https://pypi.python.org/simple",
                "verify_ssl": true
            }
        ]
    },
    "default": {
        "basictracer": {
            "hashes": [
                "sha256:955025d3f138c03f06bee3ec5459e7e1387b6414faa1e633ab6b310004dd57e5"
            ],
            "version": "==2.2.1"
        },
        "jedi": {
            "editable": true,
            "git": "git://github.com/sourcegraph/jedi.git",
            "ref": "9a3e7256df2e6099207fd7289141885ec17ebec7"
        },
        "jsonpickle": {
            "hashes": [
                "sha256:545b3bee0d65e1abb4baa1818edcc9ec239aa9f2ffbfde8084d71c056180054f"
            ],
            "version": "==0.9.6"
        },
        "lightstep": {
            "hashes": [
                "sha256:ef41c37e307b33e1afb8349052dde25801bfebb6950fb9133112b7dce159c0c3",
                "sha256:c4919005f190ce1b4528ffec0cc43fa1d0f52fe0833ab9d5cd95e51db5413e27"
            ],
            "version": "==3.0.10"
        },
        "opentracing": {
            "hashes": [
                "sha256:9b3f7c7a20c34170b9253c97121256264daf6b5f090035c732c6e2548cc5c0a7"
            ],
            "version": "==1.3.0"
        },
        "protobuf": {
            "hashes": [
                "sha256:11788df3e176f44e0375fe6361342d7258a457b346504ea259a21b77ffc18a90",
                "sha256:50c24f0d00b7efb3a72ae638ddc118e713cfe8cef40527afe24f7ebcb878e46d",
                "sha256:41661f9a442eba2f1967f15333ebe9ecc7e7c51bcbaa2972303ad33a4ca0168e",
                "sha256:06ec363b74bceb7d018f2171e0892f03ab6816530e2b0f77d725a58264551e48",
                "sha256:b20f861b55efd8206428c13e017cc8e2c34b40b2a714446eb202bbf0ff7597a6",
                "sha256:c1f9c36004a7ae6f1ce4a23f06070f6b07f57495f251851aa15cc4da16d08378",
                "sha256:4d2e665410b0a278d2eb2c0a529ca2366bb325eb2ae34e189a826b71fb1b28cd",
                "sha256:95b78959572de7d7fafa3acb718ed71f482932ddddddbd29ba8319c10639d863"
            ],
            "version": "==3.5.1"
        },
        "requirements": {
            "editable": true,
            "git": "git://github.com/sourcegraph/requirements-parser.git",
            "ref": "69f1a9cb916b2995843c3ea9b988da46c9dd65c7"
        },
        "requirements-parser": {
            "editable": true,
            "git": "git://github.com/sourcegraph/requirements-parser.git",
            "ref": "69f1a9cb916b2995843c3ea9b988da46c9dd65c7"
        },
        "six": {
            "hashes": [
                "sha256:832dc0e10feb1aa2c68dcc57dbb658f1c7e65b9b61af69048abc87a2db00a0eb",
                "sha256:70e8a77beed4562e7f14fe23a786b54f6296e34344c23bc42f07b15018ff98e9"
            ],
            "version": "==1.11.0"
        },
        "thrift": {
            "hashes": [
                "sha256:b7f6c09155321169af03f9fb20dc15a4a0c7481e7c334a5ba8f7f0d864633209"
            ],
            "version": "==0.10.0"
        }
    },
    "develop": {
        "autopep8": {
            "hashes": [
                "sha256:c7be71ab0cb2f50c9c22c82f0c9acaafc6f57492c3fbfee9790c415005c2b9a5"
            ],
            "version": "==1.3.4"
        },
        "py": {
            "hashes": [
                "sha256:2ccb79b01769d99115aa600d7eed99f524bf752bba8f041dc1c184853514655a",
                "sha256:0f2d585d22050e90c7d293b6451c83db097df77871974d90efd5a30dc12fcde3"
            ],
            "version": "==1.4.34"
        },
        "pycodestyle": {
            "hashes": [
                "sha256:6c4245ade1edfad79c3446fadfc96b0de2759662dc29d07d80a6f27ad1ca6ba9",
                "sha256:682256a5b318149ca0d2a9185d365d8864a768a28db66a84a2ea946bcc426766"
            ],
            "version": "==2.3.1"
        },
        "pytest": {
            "hashes": [
                "sha256:81a25f36a97da3313e1125fce9e7bbbba565bc7fec3c5beb14c262ddab238ac1",
                "sha256:27fa6617efc2869d3e969a3e75ec060375bfb28831ade8b5cdd68da3a741dc3c"
            ],
            "version": "==3.2.3"
        }
    }
}
