{
    "_meta": {
        "hash": {
            "sha256": "f53e802702fe9e4eab140d9a1a3ebb134ec736f0762d6810cd4a5d7375e4eb02"
        },
        "pipfile-spec": 6,
        "requires": {
            "python_version": "3.6"
        },
        "sources": [
            {
                "name": "pypi",
                "url": "https://pypi.python.org/simple",
                "verify_ssl": true
            }
        ]
    },
    "default": {
        "basictracer": {
            "hashes": [
                "sha256:955025d3f138c03f06bee3ec5459e7e1387b6414faa1e633ab6b310004dd57e5"
            ],
            "version": "==2.2.1"
        },
        "certifi": {
            "hashes": [
                "sha256:14131608ad2fd56836d33a71ee60fa1c82bc9d2c8d98b7bdbc631fe1b3cd1296",
                "sha256:edbc3f203427eef571f79a7692bb160a2b0f7ccaa31953e99bd17e307cf63f7d"
            ],
            "version": "==2018.1.18"
        },
        "delegator.py": {
            "hashes": [
                "sha256:2d46966a7f484d271b09e2646eae1e9acadc4fdf2cb760c142f073e81c927d8d",
                "sha256:58f3ea6fe36680e1d828e2e66e52844b826f186409dfee4436e42351b0e699fe"
            ],
            "version": "==0.1.0"
        },
        "jedi": {
            "editable": true,
            "git": "git://github.com/davidhalter/jedi.git",
            "ref": "3c9aa9ef254dbf1aa5f55ed3a4ed9ec4c6d0bb5a"
        },
        "jsonpickle": {
            "hashes": [
                "sha256:545b3bee0d65e1abb4baa1818edcc9ec239aa9f2ffbfde8084d71c056180054f"
            ],
            "version": "==0.9.6"
        },
        "lightstep": {
            "hashes": [
                "sha256:31fc800bbce7f69cf2e0af4bf8a0c539c805200b03ffa08cfd91db47a9414bff",
                "sha256:51534ba6516c4c4e61ae763793a87fedf11840ae85a67ddf85b574b5d115da30"
            ],
            "version": "==3.0.11"
        },
        "opentracing": {
            "hashes": [
                "sha256:9b3f7c7a20c34170b9253c97121256264daf6b5f090035c732c6e2548cc5c0a7"
            ],
            "version": "==1.3.0"
        },
        "parso": {
            "hashes": [
                "sha256:5815f3fe254e5665f3c5d6f54f086c2502035cb631a91341591b5a564203cffb",
                "sha256:a7bb86fe0844304869d1c08e8bd0e52be931228483025c422917411ab82d628a"
            ],
            "version": "==0.1.1"
        },
        "pexpect": {
            "hashes": [
                "sha256:67b85a1565968e3d5b5e7c9283caddc90c3947a2625bed1905be27bd5a03e47d",
                "sha256:6ff881b07aff0cb8ec02055670443f784434395f90c3285d2ae470f921ade52a"
            ],
            "version": "==4.4.0"
        },
        "pipenv": {
            "hashes": [
                "sha256:94b3604874bbd40b2c2a3b769214c3a92681feeff3493c7d416e2d3ce38068bd"
            ],
            "version": "==11.8.0"
        },
        "protobuf": {
            "hashes": [
                "sha256:09879a295fd7234e523b62066223b128c5a8a88f682e3aff62fb115e4a0d8be0",
                "sha256:14813a3421ff0144e8d4e81ed83a3fbe350d8d85cbe480bf2e81cf45e8083e0d",
                "sha256:18a4a387e8378dbbd53ebe9cc925ea2fe2a7b98c497833ea345803cb53b885d9",
                "sha256:24c1cc840b4832a909bbeac664fd8f878cf72b8ab97bfe4fb82a156c3f1f0e15",
                "sha256:40c943a8ffb3501164da1d2b537ad2e33d08daf81fbb3e9073bf291726a24467",
                "sha256:41e916354265d2f54b95e454305c98f90bb30fafb817119540753e67f193de57",
                "sha256:59610aeb5ade675106dca26c771814a1aa63bf2b3780584853e3dd447ed5c52f",
                "sha256:59ff8a204aa2ef98d6c25c2adffb13dda81bb4ac6ffb0829c92e801241b6477b",
                "sha256:64a3600d2a531d7c516c371efa431035ce501ab8425dcc8bdb99eddf5a4d34c9",
                "sha256:6e1c0972462ce9dc4d2860d533487b39f89de00b3f30b99c31a6b3e8fbf8b787",
                "sha256:75e1a7b12248a98b620ffbda3e41767aa2ae57c7cc553a12407a48c44f58f2e7",
                "sha256:84ed523853c82c76dd1dfd15f31de2d66fa7cb22a48aa42dbc32465868d7e4af",
                "sha256:87908d494be2b46a55de5e55ca11d9a2508b59b035c1b0549c3b692a77f57a7b",
                "sha256:88c7958dad426920a43af58c5805d2de860a33f82d47f5a102af25f2788682c7",
                "sha256:8ba58356fc40ed7749c73eeae3d86f6a9e756ba1ae5f5833990b237b7d61ba09",
                "sha256:94d159e2bbbe4df1b5f0715965e284f2156ce127a7d521a3dcbdd38e945bc4c0",
                "sha256:c4d531e745168c16fc7abff12922c491d34f4063c1b49fe5417b72be869f5df6",
                "sha256:e457146bb9f997736460b10b2f2a9284603db4bbd60c8c431b5b4b309efbe036",
                "sha256:e774cd03628c0b2f850a09a8c005fe6113f97e37f6df07a7b20221dc1ee4efd3",
                "sha256:ec51286554eceebcf169a3a8604861e113d28fc98094dcbedc6067f058478917"
            ],
            "version": "==3.5.2"
        },
        "ptyprocess": {
            "hashes": [
                "sha256:e64193f0047ad603b71f202332ab5527c5e52aa7c8b609704fc28c0dc20c4365",
                "sha256:e8c43b5eee76b2083a9badde89fd1bbce6c8942d1045146e100b7b5e014f4f1a"
            ],
            "version": "==0.5.2"
        },
        "requirements": {
            "editable": true,
            "git": "git://github.com/sourcegraph/requirements-parser.git",
            "ref": "69f1a9cb916b2995843c3ea9b988da46c9dd65c7"
        },
        "six": {
            "hashes": [
                "sha256:70e8a77beed4562e7f14fe23a786b54f6296e34344c23bc42f07b15018ff98e9",
                "sha256:832dc0e10feb1aa2c68dcc57dbb658f1c7e65b9b61af69048abc87a2db00a0eb"
            ],
            "version": "==1.11.0"
        },
        "thrift": {
            "hashes": [
                "sha256:b7f6c09155321169af03f9fb20dc15a4a0c7481e7c334a5ba8f7f0d864633209"
            ],
            "version": "==0.10.0"
        },
        "virtualenv": {
            "hashes": [
                "sha256:02f8102c2436bb03b3ee6dede1919d1dac8a427541652e5ec95171ec8adbc93a",
                "sha256:39d88b533b422825d644087a21e78c45cf5af0ef7a99a1fc9fbb7b481e5c85b0"
            ],
            "version": "==15.1.0"
        },
        "virtualenv-clone": {
            "hashes": [
                "sha256:4507071d81013fd03ea9930ec26bc8648b997927a11fa80e8ee81198b57e0ac7",
                "sha256:b5cfe535d14dc68dfc1d1bb4ac1209ea28235b91156e2bba8e250d291c3fb4f8"
            ],
            "version": "==0.3.0"
        }
    },
    "develop": {
        "attrs": {
            "hashes": [
                "sha256:1c7960ccfd6a005cd9f7ba884e6316b5e430a3f1a6c37c5f87d8b43f83b54ec9",
                "sha256:a17a9573a6f475c99b551c0e0a812707ddda1ec9653bed04c13841404ed6f450"
            ],
            "version": "==17.4.0"
        },
        "autoflake": {
            "hashes": [
                "sha256:a74d684a7a02654f74582addc24a3016c06809316cc140457a4fe93a1e6ed131"
            ],
            "version": "==1.1"
        },
        "autopep8": {
            "hashes": [
                "sha256:c7be71ab0cb2f50c9c22c82f0c9acaafc6f57492c3fbfee9790c415005c2b9a5"
            ],
            "version": "==1.3.4"
        },
        "colorama": {
            "hashes": [
                "sha256:463f8483208e921368c9f306094eb6f725c6ca42b0f97e313cb5d5512459feda",
                "sha256:48eb22f4f8461b1df5734a074b57042430fb06e1d61bd1e11b078c0fe6d7a1f1"
            ],
            "markers": "sys_platform == 'win32'",
            "version": "==0.3.9"
        },
        "configparser": {
            "hashes": [
                "sha256:5308b47021bc2340965c371f0f058cc6971a04502638d4244225c49d80db273a"
            ],
            "markers": "python_version < '3.2'",
            "version": "==3.5.0"
        },
        "docformatter": {
            "hashes": [
                "sha256:036eba7c12669dc67c0ccaa3c40e2add3cc729af6a5fa4a2a54517bc09e10237"
            ],
            "version": "==1.0"
        },
        "enum34": {
            "hashes": [
                "sha256:2d81cbbe0e73112bdfe6ef8576f2238f2ba27dd0d55752a776c41d38b7da2850",
                "sha256:644837f692e5f550741432dd3f223bbb9852018674981b1664e5dc339387588a",
                "sha256:6bd0f6ad48ec2aa117d3d141940d484deccda84d4fcd884f5c3d93c23ecd8c79",
                "sha256:8ad8c4783bf61ded74527bffb48ed9b54166685e4230386a9ed9b1279e2df5b1"
            ],
            "markers": "python_version < '3.4'",
            "version": "==1.1.6"
        },
        "flake8": {
            "hashes": [
                "sha256:7253265f7abd8b313e3892944044a365e3f4ac3fcdcfb4298f55ee9ddf188ba0",
                "sha256:c7841163e2b576d435799169b78703ad6ac1bbb0f199994fc05f700b2a90ea37"
            ],
            "version": "==3.5.0"
        },
        "funcsigs": {
            "hashes": [
                "sha256:330cc27ccbf7f1e992e69fef78261dc7c6569012cf397db8d3de0234e6c937ca",
                "sha256:a7bb0f2cf3a3fd1ab2732cb49eba4252c2af4240442415b4abce3b87022a8f50"
            ],
            "markers": "python_version < '3.0'",
            "version": "==1.0.2"
        },
        "mccabe": {
            "hashes": [
                "sha256:ab8a6258860da4b6677da4bd2fe5dc2c659cff31b3ee4f7f5d64e79735b80d42",
                "sha256:dd8d182285a0fe56bace7f45b5e7d1a6ebcbf524e8f3bd87eb0f125271b8831f"
            ],
            "version": "==0.6.1"
        },
        "pluggy": {
            "hashes": [
                "sha256:7f8ae7f5bdf75671a718d2daf0a64b7885f74510bcd98b1a0bb420eb9a9d0cff"
            ],
            "version": "==0.6.0"
        },
        "py": {
            "hashes": [
                "sha256:8cca5c229d225f8c1e3085be4fcf306090b00850fefad892f9d96c7b6e2f310f",
                "sha256:ca18943e28235417756316bfada6cd96b23ce60dd532642690dcfdaba988a76d"
            ],
            "version": "==1.5.2"
        },
        "pycodestyle": {
            "hashes": [
                "sha256:682256a5b318149ca0d2a9185d365d8864a768a28db66a84a2ea946bcc426766",
                "sha256:6c4245ade1edfad79c3446fadfc96b0de2759662dc29d07d80a6f27ad1ca6ba9"
            ],
            "version": "==2.3.1"
        },
        "pyflakes": {
            "hashes": [
                "sha256:08bd6a50edf8cffa9fa09a463063c425ecaaf10d1eb0335a7e8b1401aef89e6f",
                "sha256:8d616a382f243dbf19b54743f280b80198be0bca3a5396f1d2e1fca6223e8805"
            ],
            "version": "==1.6.0"
        },
        "pytest": {
            "hashes": [
                "sha256:062027955bccbc04d2fcd5d79690947e018ba31abe4c90b2c6721abec734261b",
                "sha256:117bad36c1a787e1a8a659df35de53ba05f9f3398fb9e4ac17e80ad5903eb8c5"
            ],
            "version": "==3.4.2"
        },
        "six": {
            "hashes": [
                "sha256:70e8a77beed4562e7f14fe23a786b54f6296e34344c23bc42f07b15018ff98e9",
                "sha256:832dc0e10feb1aa2c68dcc57dbb658f1c7e65b9b61af69048abc87a2db00a0eb"
            ],
            "version": "==1.11.0"
        },
        "untokenize": {
            "hashes": [
                "sha256:3865dbbbb8efb4bb5eaa72f1be7f3e0be00ea8b7f125c69cbd1f5fda926f37a2"
            ],
            "version": "==0.1.1"
        }
    }
}
