{
    "_meta": {
        "hash": {
            "sha256": "424dc4a0a4a2516d89b212bc99657774aeba263ca1e92e620a8d48d23527aa45"
        },
        "host-environment-markers": {
            "implementation_name": "cpython",
            "implementation_version": "3.6.4",
            "os_name": "posix",
            "platform_machine": "x86_64",
            "platform_python_implementation": "CPython",
            "platform_release": "17.4.0",
            "platform_system": "Darwin",
            "platform_version": "Darwin Kernel Version 17.4.0: Sun Dec 17 09:19:54 PST 2017; root:xnu-4570.41.2~1/RELEASE_X86_64",
            "python_full_version": "3.6.4",
            "python_version": "3.6",
            "sys_platform": "darwin"
        },
        "pipfile-spec": 6,
        "requires": {},
        "sources": [
            {
                "name": "pypi",
                "url": "https://pypi.python.org/simple",
                "verify_ssl": true
            }
        ]
    },
    "default": {
        "testfarhan": {
            "hashes": [
                "sha256:97be35af127cf4140ad19341d9860ecb4d872e82489e4ef899c5017ad0cd31cd"
            ],
            "version": "==0.2"
        }
    },
    "develop": {}
}
