{
    "_meta": {
        "hash": {
            "sha256": "17954e6b1f46d7b38e22fd1a3bcbb6ebdcaa6575bc0db837a2d510feab1107f4"
        },
        "host-environment-markers": {
            "implementation_name": "cpython",
            "implementation_version": "3.6.4",
            "os_name": "posix",
            "platform_machine": "x86_64",
            "platform_python_implementation": "CPython",
            "platform_release": "16.7.0",
            "platform_system": "Darwin",
            "platform_version": "Darwin Kernel Version 16.7.0: Thu Jun 15 17:36:27 PDT 2017; root:xnu-3789.70.16~2/RELEASE_X86_64",
            "python_full_version": "3.6.4",
            "python_version": "3.6",
            "sys_platform": "darwin"
        },
        "pipfile-spec": 6,
        "requires": {},
        "sources": [
            {
                "name": "pypi",
                "url": "https://pypi.python.org/simple",
                "verify_ssl": true
            }
        ]
    },
    "default": {
        "libfarhan": {
            "hashes": [
                "sha256:9728b55dccfb5e7cf55867bf1a1f7e0db25297e6b05b72f49d8a4e7926354a2a"
            ],
            "version": "==0.6"
        }
    },
    "develop": {}
}
