{
    "_meta": {
        "hash": {
            "sha256": "4d6edbdb4dde28665f8c8c9221df5eac39b1ac637320a68876a5f5b91e1577ee"
        },
        "host-environment-markers": {
            "implementation_name": "cpython",
            "implementation_version": "3.6.4",
            "os_name": "posix",
            "platform_machine": "x86_64",
            "platform_python_implementation": "CPython",
            "platform_release": "16.7.0",
            "platform_system": "Darwin",
            "platform_version": "Darwin Kernel Version 16.7.0: Thu Jun 15 17:36:27 PDT 2017; root:xnu-3789.70.16~2/RELEASE_X86_64",
            "python_full_version": "3.6.4",
            "python_version": "3.6",
            "sys_platform": "darwin"
        },
        "pipfile-spec": 6,
        "requires": {},
        "sources": [
            {
                "name": "pypi",
                "url": "https://pypi.python.org/simple",
                "verify_ssl": true
            }
        ]
    },
    "default": {
        "testfarhan": {
            "hashes": [
                "sha256:dc03e1c2e99db639a43ec94b0c9b8460e8914289c51a349a96b209e4bcbbf894"
            ],
            "version": "==0.1"
        }
    },
    "develop": {}
}
