{
    "_meta": {
        "hash": {
            "sha256": "e5b07bb8d80242dea57c59f897e7f8aa659aa37acda3af88c053f1a62ba925c5"
        },
        "host-environment-markers": {
            "implementation_name": "cpython",
            "implementation_version": "3.6.4",
            "os_name": "posix",
            "platform_machine": "x86_64",
            "platform_python_implementation": "CPython",
            "platform_release": "17.4.0",
            "platform_system": "Darwin",
            "platform_version": "Darwin Kernel Version 17.4.0: Sun Dec 17 09:19:54 PST 2017; root:xnu-4570.41.2~1/RELEASE_X86_64",
            "python_full_version": "3.6.4",
            "python_version": "3.6",
            "sys_platform": "darwin"
        },
        "pipfile-spec": 6,
        "requires": {},
        "sources": [
            {
                "name": "pypi",
                "url": "https://pypi.python.org/simple",
                "verify_ssl": true
            }
        ]
    },
    "default": {
        "testfarhan": {
            "hashes": [
                "sha256:dc03e1c2e99db639a43ec94b0c9b8460e8914289c51a349a96b209e4bcbbf894"
            ],
            "version": "==0.1"
        }
    },
    "develop": {}
}
